// !$*UTF8*$!
{
	archiveVersion = 1;
	classes = {
	};
	objectVersion = 46;
	objects = {

/* Begin PBXBuildFile section */
		476DCE7A17A4693C00ADBAA3 /* UIKit.framework in Frameworks */ = {isa = PBXBuildFile; fileRef = 476DCE7917A4693C00ADBAA3 /* UIKit.framework */; };
		476DCE7C17A4693C00ADBAA3 /* Foundation.framework in Frameworks */ = {isa = PBXBuildFile; fileRef = 476DCE7B17A4693C00ADBAA3 /* Foundation.framework */; };
		476DCE7E17A4693C00ADBAA3 /* CoreGraphics.framework in Frameworks */ = {isa = PBXBuildFile; fileRef = 476DCE7D17A4693C00ADBAA3 /* CoreGraphics.framework */; };
		476DCE8417A4693C00ADBAA3 /* InfoPlist.strings in Resources */ = {isa = PBXBuildFile; fileRef = 476DCE8217A4693C00ADBAA3 /* InfoPlist.strings */; };
		476DCE8617A4693C00ADBAA3 /* main.m in Sources */ = {isa = PBXBuildFile; fileRef = 476DCE8517A4693C00ADBAA3 /* main.m */; };
		476DCE8A17A4693C00ADBAA3 /* FLKAppDelegate.m in Sources */ = {isa = PBXBuildFile; fileRef = 476DCE8917A4693C00ADBAA3 /* FLKAppDelegate.m */; };
		476DCE8C17A4693C00ADBAA3 /* Default.png in Resources */ = {isa = PBXBuildFile; fileRef = 476DCE8B17A4693C00ADBAA3 /* Default.png */; };
		476DCE8E17A4693C00ADBAA3 /* Default@2x.png in Resources */ = {isa = PBXBuildFile; fileRef = 476DCE8D17A4693C00ADBAA3 /* Default@2x.png */; };
		476DCE9017A4693C00ADBAA3 /* Default-568h@2x.png in Resources */ = {isa = PBXBuildFile; fileRef = 476DCE8F17A4693C00ADBAA3 /* Default-568h@2x.png */; };
		476DCE9317A4693C00ADBAA3 /* FLKViewController.m in Sources */ = {isa = PBXBuildFile; fileRef = 476DCE9217A4693C00ADBAA3 /* FLKViewController.m */; };
		476DCE9617A4693C00ADBAA3 /* FLKViewController.xib in Resources */ = {isa = PBXBuildFile; fileRef = 476DCE9417A4693C00ADBAA3 /* FLKViewController.xib */; };
		476DCEAA17A46CF800ADBAA3 /* FLKLoginViewController.m in Sources */ = {isa = PBXBuildFile; fileRef = 476DCEA817A46CF800ADBAA3 /* FLKLoginViewController.m */; };
		476DCEAB17A46CF800ADBAA3 /* FLKLoginViewController.xib in Resources */ = {isa = PBXBuildFile; fileRef = 476DCEA917A46CF800ADBAA3 /* FLKLoginViewController.xib */; };
		476DCF0A17A4807500ADBAA3 /* .gitignore in Resources */ = {isa = PBXBuildFile; fileRef = 476DCEAD17A4807400ADBAA3 /* .gitignore */; };
		476DCF0B17A4807500ADBAA3 /* .travis.yml in Resources */ = {isa = PBXBuildFile; fileRef = 476DCEAE17A4807400ADBAA3 /* .travis.yml */; };
		476DCF0C17A4807500ADBAA3 /* AFHTTPClient.m in Sources */ = {isa = PBXBuildFile; fileRef = 476DCEB117A4807400ADBAA3 /* AFHTTPClient.m */; };
		476DCF0D17A4807500ADBAA3 /* AFHTTPRequestOperation.m in Sources */ = {isa = PBXBuildFile; fileRef = 476DCEB317A4807400ADBAA3 /* AFHTTPRequestOperation.m */; };
		476DCF0E17A4807500ADBAA3 /* AFImageRequestOperation.m in Sources */ = {isa = PBXBuildFile; fileRef = 476DCEB517A4807400ADBAA3 /* AFImageRequestOperation.m */; };
		476DCF0F17A4807500ADBAA3 /* AFJSONRequestOperation.m in Sources */ = {isa = PBXBuildFile; fileRef = 476DCEB717A4807400ADBAA3 /* AFJSONRequestOperation.m */; };
		476DCF1017A4807500ADBAA3 /* AFNetworkActivityIndicatorManager.m in Sources */ = {isa = PBXBuildFile; fileRef = 476DCEB917A4807400ADBAA3 /* AFNetworkActivityIndicatorManager.m */; };
		476DCF1117A4807500ADBAA3 /* AFPropertyListRequestOperation.m in Sources */ = {isa = PBXBuildFile; fileRef = 476DCEBC17A4807400ADBAA3 /* AFPropertyListRequestOperation.m */; };
		476DCF1217A4807500ADBAA3 /* AFURLConnectionOperation.m in Sources */ = {isa = PBXBuildFile; fileRef = 476DCEBE17A4807400ADBAA3 /* AFURLConnectionOperation.m */; };
		476DCF1317A4807500ADBAA3 /* AFXMLRequestOperation.m in Sources */ = {isa = PBXBuildFile; fileRef = 476DCEC017A4807400ADBAA3 /* AFXMLRequestOperation.m */; };
		476DCF1417A4807500ADBAA3 /* UIImageView+AFNetworking.m in Sources */ = {isa = PBXBuildFile; fileRef = 476DCEC217A4807400ADBAA3 /* UIImageView+AFNetworking.m */; };
		476DCF1517A4807500ADBAA3 /* AFNetworking.podspec in Resources */ = {isa = PBXBuildFile; fileRef = 476DCEC317A4807400ADBAA3 /* AFNetworking.podspec */; };
		476DCF1717A4807500ADBAA3 /* CHANGES in Resources */ = {isa = PBXBuildFile; fileRef = 476DCEC517A4807400ADBAA3 /* CHANGES */; };
		476DCF2C17A4807500ADBAA3 /* LICENSE in Resources */ = {isa = PBXBuildFile; fileRef = 476DCEEE17A4807400ADBAA3 /* LICENSE */; };
		476DCF2D17A4807500ADBAA3 /* Rakefile in Resources */ = {isa = PBXBuildFile; fileRef = 476DCEEF17A4807500ADBAA3 /* Rakefile */; };
		476DCF2E17A4807500ADBAA3 /* README.md in Resources */ = {isa = PBXBuildFile; fileRef = 476DCEF017A4807500ADBAA3 /* README.md */; };
		476DCF5A17A499A200ADBAA3 /* Flake.xcdatamodeld in Sources */ = {isa = PBXBuildFile; fileRef = 476DCF5817A499A200ADBAA3 /* Flake.xcdatamodeld */; };
		476DCF6D17A4A09800ADBAA3 /* CoreData.framework in Frameworks */ = {isa = PBXBuildFile; fileRef = 476DCF6C17A4A09800ADBAA3 /* CoreData.framework */; };
		476DCF6F17A4A0C300ADBAA3 /* CFNetwork.framework in Frameworks */ = {isa = PBXBuildFile; fileRef = 476DCF6E17A4A0C300ADBAA3 /* CFNetwork.framework */; };
		476DCF7117A4A0CA00ADBAA3 /* Security.framework in Frameworks */ = {isa = PBXBuildFile; fileRef = 476DCF7017A4A0CA00ADBAA3 /* Security.framework */; };
		476DCFDC17A4B27B00ADBAA3 /* FLKManagedObject.m in Sources */ = {isa = PBXBuildFile; fileRef = 476DCFDB17A4B27B00ADBAA3 /* FLKManagedObject.m */; };
		476DCFDF17A4B4AD00ADBAA3 /* FLKUser.m in Sources */ = {isa = PBXBuildFile; fileRef = 476DCFDE17A4B4AD00ADBAA3 /* FLKUser.m */; };
		476DCFE217A4CD8700ADBAA3 /* splash.png in Resources */ = {isa = PBXBuildFile; fileRef = 476DCFE117A4CD8700ADBAA3 /* splash.png */; };
		476DCFE417A4D0FE00ADBAA3 /* circle.png in Resources */ = {isa = PBXBuildFile; fileRef = 476DCFE317A4D0FE00ADBAA3 /* circle.png */; };
		476DCFE617A4D4A900ADBAA3 /* icon.png in Resources */ = {isa = PBXBuildFile; fileRef = 476DCFE517A4D4A900ADBAA3 /* icon.png */; };
		476DCFE817A4D4B100ADBAA3 /* icon.png in Resources */ = {isa = PBXBuildFile; fileRef = 476DCFE717A4D4B100ADBAA3 /* icon.png */; };
		476DCFEA17A4D54100ADBAA3 /* icon_small.png in Resources */ = {isa = PBXBuildFile; fileRef = 476DCFE917A4D54000ADBAA3 /* icon_small.png */; };
		476DCFF217A4EC3100ADBAA3 /* MapKit.framework in Frameworks */ = {isa = PBXBuildFile; fileRef = 476DCFF117A4EC3100ADBAA3 /* MapKit.framework */; };
		476DCFF917A5126B00ADBAA3 /* hangout_button_line.png in Resources */ = {isa = PBXBuildFile; fileRef = 476DCFF317A5126B00ADBAA3 /* hangout_button_line.png */; };
		476DCFFA17A5126B00ADBAA3 /* hangout_button.png in Resources */ = {isa = PBXBuildFile; fileRef = 476DCFF417A5126B00ADBAA3 /* hangout_button.png */; };
		476DCFFB17A5126B00ADBAA3 /* hangout_logo.png in Resources */ = {isa = PBXBuildFile; fileRef = 476DCFF517A5126B00ADBAA3 /* hangout_logo.png */; };
		476DCFFC17A5126B00ADBAA3 /* hangout_text.png in Resources */ = {isa = PBXBuildFile; fileRef = 476DCFF617A5126B00ADBAA3 /* hangout_text.png */; };
		476DCFFD17A5126B00ADBAA3 /* background.png in Resources */ = {isa = PBXBuildFile; fileRef = 476DCFF717A5126B00ADBAA3 /* background.png */; };
		476DCFFE17A5126B00ADBAA3 /* hangout_user_inga.png in Resources */ = {isa = PBXBuildFile; fileRef = 476DCFF817A5126B00ADBAA3 /* hangout_user_inga.png */; };
		476DD00017A5179E00ADBAA3 /* logo.png in Resources */ = {isa = PBXBuildFile; fileRef = 476DCFFF17A5179E00ADBAA3 /* logo.png */; };
/* End PBXBuildFile section */

/* Begin PBXFileReference section */
		476DCE7617A4693C00ADBAA3 /* Flake.app */ = {isa = PBXFileReference; explicitFileType = wrapper.application; includeInIndex = 0; path = Flake.app; sourceTree = BUILT_PRODUCTS_DIR; };
		476DCE7917A4693C00ADBAA3 /* UIKit.framework */ = {isa = PBXFileReference; lastKnownFileType = wrapper.framework; name = UIKit.framework; path = System/Library/Frameworks/UIKit.framework; sourceTree = SDKROOT; };
		476DCE7B17A4693C00ADBAA3 /* Foundation.framework */ = {isa = PBXFileReference; lastKnownFileType = wrapper.framework; name = Foundation.framework; path = System/Library/Frameworks/Foundation.framework; sourceTree = SDKROOT; };
		476DCE7D17A4693C00ADBAA3 /* CoreGraphics.framework */ = {isa = PBXFileReference; lastKnownFileType = wrapper.framework; name = CoreGraphics.framework; path = System/Library/Frameworks/CoreGraphics.framework; sourceTree = SDKROOT; };
		476DCE8117A4693C00ADBAA3 /* Flake-Info.plist */ = {isa = PBXFileReference; lastKnownFileType = text.plist.xml; path = "Flake-Info.plist"; sourceTree = "<group>"; };
		476DCE8317A4693C00ADBAA3 /* en */ = {isa = PBXFileReference; lastKnownFileType = text.plist.strings; name = en; path = en.lproj/InfoPlist.strings; sourceTree = "<group>"; };
		476DCE8517A4693C00ADBAA3 /* main.m */ = {isa = PBXFileReference; lastKnownFileType = sourcecode.c.objc; path = main.m; sourceTree = "<group>"; };
		476DCE8717A4693C00ADBAA3 /* Flake-Prefix.pch */ = {isa = PBXFileReference; lastKnownFileType = sourcecode.c.h; path = "Flake-Prefix.pch"; sourceTree = "<group>"; };
		476DCE8817A4693C00ADBAA3 /* FLKAppDelegate.h */ = {isa = PBXFileReference; lastKnownFileType = sourcecode.c.h; path = FLKAppDelegate.h; sourceTree = "<group>"; };
		476DCE8917A4693C00ADBAA3 /* FLKAppDelegate.m */ = {isa = PBXFileReference; lastKnownFileType = sourcecode.c.objc; path = FLKAppDelegate.m; sourceTree = "<group>"; };
		476DCE8B17A4693C00ADBAA3 /* Default.png */ = {isa = PBXFileReference; lastKnownFileType = image.png; path = Default.png; sourceTree = "<group>"; };
		476DCE8D17A4693C00ADBAA3 /* Default@2x.png */ = {isa = PBXFileReference; lastKnownFileType = image.png; path = "Default@2x.png"; sourceTree = "<group>"; };
		476DCE8F17A4693C00ADBAA3 /* Default-568h@2x.png */ = {isa = PBXFileReference; lastKnownFileType = image.png; path = "Default-568h@2x.png"; sourceTree = "<group>"; };
		476DCE9117A4693C00ADBAA3 /* FLKViewController.h */ = {isa = PBXFileReference; lastKnownFileType = sourcecode.c.h; path = FLKViewController.h; sourceTree = "<group>"; };
		476DCE9217A4693C00ADBAA3 /* FLKViewController.m */ = {isa = PBXFileReference; lastKnownFileType = sourcecode.c.objc; path = FLKViewController.m; sourceTree = "<group>"; };
		476DCE9517A4693C00ADBAA3 /* en */ = {isa = PBXFileReference; lastKnownFileType = file.xib; name = en; path = en.lproj/FLKViewController.xib; sourceTree = "<group>"; };
		476DCEA717A46CF800ADBAA3 /* FLKLoginViewController.h */ = {isa = PBXFileReference; fileEncoding = 4; lastKnownFileType = sourcecode.c.h; path = FLKLoginViewController.h; sourceTree = "<group>"; };
		476DCEA817A46CF800ADBAA3 /* FLKLoginViewController.m */ = {isa = PBXFileReference; fileEncoding = 4; lastKnownFileType = sourcecode.c.objc; path = FLKLoginViewController.m; sourceTree = "<group>"; };
		476DCEA917A46CF800ADBAA3 /* FLKLoginViewController.xib */ = {isa = PBXFileReference; fileEncoding = 4; lastKnownFileType = file.xib; path = FLKLoginViewController.xib; sourceTree = "<group>"; };
		476DCEAD17A4807400ADBAA3 /* .gitignore */ = {isa = PBXFileReference; fileEncoding = 4; lastKnownFileType = text; path = .gitignore; sourceTree = "<group>"; };
		476DCEAE17A4807400ADBAA3 /* .travis.yml */ = {isa = PBXFileReference; fileEncoding = 4; lastKnownFileType = text; path = .travis.yml; sourceTree = "<group>"; };
		476DCEB017A4807400ADBAA3 /* AFHTTPClient.h */ = {isa = PBXFileReference; fileEncoding = 4; lastKnownFileType = sourcecode.c.h; path = AFHTTPClient.h; sourceTree = "<group>"; };
		476DCEB117A4807400ADBAA3 /* AFHTTPClient.m */ = {isa = PBXFileReference; fileEncoding = 4; lastKnownFileType = sourcecode.c.objc; path = AFHTTPClient.m; sourceTree = "<group>"; };
		476DCEB217A4807400ADBAA3 /* AFHTTPRequestOperation.h */ = {isa = PBXFileReference; fileEncoding = 4; lastKnownFileType = sourcecode.c.h; path = AFHTTPRequestOperation.h; sourceTree = "<group>"; };
		476DCEB317A4807400ADBAA3 /* AFHTTPRequestOperation.m */ = {isa = PBXFileReference; fileEncoding = 4; lastKnownFileType = sourcecode.c.objc; path = AFHTTPRequestOperation.m; sourceTree = "<group>"; };
		476DCEB417A4807400ADBAA3 /* AFImageRequestOperation.h */ = {isa = PBXFileReference; fileEncoding = 4; lastKnownFileType = sourcecode.c.h; path = AFImageRequestOperation.h; sourceTree = "<group>"; };
		476DCEB517A4807400ADBAA3 /* AFImageRequestOperation.m */ = {isa = PBXFileReference; fileEncoding = 4; lastKnownFileType = sourcecode.c.objc; path = AFImageRequestOperation.m; sourceTree = "<group>"; };
		476DCEB617A4807400ADBAA3 /* AFJSONRequestOperation.h */ = {isa = PBXFileReference; fileEncoding = 4; lastKnownFileType = sourcecode.c.h; path = AFJSONRequestOperation.h; sourceTree = "<group>"; };
		476DCEB717A4807400ADBAA3 /* AFJSONRequestOperation.m */ = {isa = PBXFileReference; fileEncoding = 4; lastKnownFileType = sourcecode.c.objc; path = AFJSONRequestOperation.m; sourceTree = "<group>"; };
		476DCEB817A4807400ADBAA3 /* AFNetworkActivityIndicatorManager.h */ = {isa = PBXFileReference; fileEncoding = 4; lastKnownFileType = sourcecode.c.h; path = AFNetworkActivityIndicatorManager.h; sourceTree = "<group>"; };
		476DCEB917A4807400ADBAA3 /* AFNetworkActivityIndicatorManager.m */ = {isa = PBXFileReference; fileEncoding = 4; lastKnownFileType = sourcecode.c.objc; path = AFNetworkActivityIndicatorManager.m; sourceTree = "<group>"; };
		476DCEBA17A4807400ADBAA3 /* AFNetworking.h */ = {isa = PBXFileReference; fileEncoding = 4; lastKnownFileType = sourcecode.c.h; path = AFNetworking.h; sourceTree = "<group>"; };
		476DCEBB17A4807400ADBAA3 /* AFPropertyListRequestOperation.h */ = {isa = PBXFileReference; fileEncoding = 4; lastKnownFileType = sourcecode.c.h; path = AFPropertyListRequestOperation.h; sourceTree = "<group>"; };
		476DCEBC17A4807400ADBAA3 /* AFPropertyListRequestOperation.m */ = {isa = PBXFileReference; fileEncoding = 4; lastKnownFileType = sourcecode.c.objc; path = AFPropertyListRequestOperation.m; sourceTree = "<group>"; };
		476DCEBD17A4807400ADBAA3 /* AFURLConnectionOperation.h */ = {isa = PBXFileReference; fileEncoding = 4; lastKnownFileType = sourcecode.c.h; path = AFURLConnectionOperation.h; sourceTree = "<group>"; };
		476DCEBE17A4807400ADBAA3 /* AFURLConnectionOperation.m */ = {isa = PBXFileReference; fileEncoding = 4; lastKnownFileType = sourcecode.c.objc; path = AFURLConnectionOperation.m; sourceTree = "<group>"; };
		476DCEBF17A4807400ADBAA3 /* AFXMLRequestOperation.h */ = {isa = PBXFileReference; fileEncoding = 4; lastKnownFileType = sourcecode.c.h; path = AFXMLRequestOperation.h; sourceTree = "<group>"; };
		476DCEC017A4807400ADBAA3 /* AFXMLRequestOperation.m */ = {isa = PBXFileReference; fileEncoding = 4; lastKnownFileType = sourcecode.c.objc; path = AFXMLRequestOperation.m; sourceTree = "<group>"; };
		476DCEC117A4807400ADBAA3 /* UIImageView+AFNetworking.h */ = {isa = PBXFileReference; fileEncoding = 4; lastKnownFileType = sourcecode.c.h; path = "UIImageView+AFNetworking.h"; sourceTree = "<group>"; };
		476DCEC217A4807400ADBAA3 /* UIImageView+AFNetworking.m */ = {isa = PBXFileReference; fileEncoding = 4; lastKnownFileType = sourcecode.c.objc; path = "UIImageView+AFNetworking.m"; sourceTree = "<group>"; };
		476DCEC317A4807400ADBAA3 /* AFNetworking.podspec */ = {isa = PBXFileReference; fileEncoding = 4; lastKnownFileType = text; path = AFNetworking.podspec; sourceTree = "<group>"; };
		476DCEC517A4807400ADBAA3 /* CHANGES */ = {isa = PBXFileReference; fileEncoding = 4; lastKnownFileType = text; path = CHANGES; sourceTree = "<group>"; };
		476DCEEE17A4807400ADBAA3 /* LICENSE */ = {isa = PBXFileReference; fileEncoding = 4; lastKnownFileType = text; path = LICENSE; sourceTree = "<group>"; };
		476DCEEF17A4807500ADBAA3 /* Rakefile */ = {isa = PBXFileReference; fileEncoding = 4; lastKnownFileType = text; path = Rakefile; sourceTree = "<group>"; };
		476DCEF017A4807500ADBAA3 /* README.md */ = {isa = PBXFileReference; fileEncoding = 4; lastKnownFileType = text; path = README.md; sourceTree = "<group>"; };
		476DCF5917A499A200ADBAA3 /* Flake.xcdatamodel */ = {isa = PBXFileReference; lastKnownFileType = wrapper.xcdatamodel; path = Flake.xcdatamodel; sourceTree = "<group>"; };
		476DCF6617A49FAC00ADBAA3 /* SenTestingKit.framework */ = {isa = PBXFileReference; lastKnownFileType = wrapper.framework; name = SenTestingKit.framework; path = Library/Frameworks/SenTestingKit.framework; sourceTree = DEVELOPER_DIR; };
		476DCF6C17A4A09800ADBAA3 /* CoreData.framework */ = {isa = PBXFileReference; lastKnownFileType = wrapper.framework; name = CoreData.framework; path = System/Library/Frameworks/CoreData.framework; sourceTree = SDKROOT; };
		476DCF6E17A4A0C300ADBAA3 /* CFNetwork.framework */ = {isa = PBXFileReference; lastKnownFileType = wrapper.framework; name = CFNetwork.framework; path = System/Library/Frameworks/CFNetwork.framework; sourceTree = SDKROOT; };
		476DCF7017A4A0CA00ADBAA3 /* Security.framework */ = {isa = PBXFileReference; lastKnownFileType = wrapper.framework; name = Security.framework; path = System/Library/Frameworks/Security.framework; sourceTree = SDKROOT; };
		476DCFDA17A4B27B00ADBAA3 /* FLKManagedObject.h */ = {isa = PBXFileReference; fileEncoding = 4; lastKnownFileType = sourcecode.c.h; path = FLKManagedObject.h; sourceTree = "<group>"; };
		476DCFDB17A4B27B00ADBAA3 /* FLKManagedObject.m */ = {isa = PBXFileReference; fileEncoding = 4; lastKnownFileType = sourcecode.c.objc; path = FLKManagedObject.m; sourceTree = "<group>"; };
		476DCFDD17A4B4AD00ADBAA3 /* FLKUser.h */ = {isa = PBXFileReference; fileEncoding = 4; lastKnownFileType = sourcecode.c.h; path = FLKUser.h; sourceTree = "<group>"; };
		476DCFDE17A4B4AD00ADBAA3 /* FLKUser.m */ = {isa = PBXFileReference; fileEncoding = 4; lastKnownFileType = sourcecode.c.objc; path = FLKUser.m; sourceTree = "<group>"; };
		476DCFE117A4CD8700ADBAA3 /* splash.png */ = {isa = PBXFileReference; lastKnownFileType = image.png; path = splash.png; sourceTree = "<group>"; };
		476DCFE317A4D0FE00ADBAA3 /* circle.png */ = {isa = PBXFileReference; lastKnownFileType = image.png; path = circle.png; sourceTree = "<group>"; };
		476DCFE517A4D4A900ADBAA3 /* icon.png */ = {isa = PBXFileReference; lastKnownFileType = image.png; path = icon.png; sourceTree = "<group>"; };
		476DCFE717A4D4B100ADBAA3 /* icon.png */ = {isa = PBXFileReference; lastKnownFileType = image.png; path = icon.png; sourceTree = "<group>"; };
		476DCFE917A4D54000ADBAA3 /* icon_small.png */ = {isa = PBXFileReference; lastKnownFileType = image.png; path = icon_small.png; sourceTree = "<group>"; };
		476DCFF117A4EC3100ADBAA3 /* MapKit.framework */ = {isa = PBXFileReference; lastKnownFileType = wrapper.framework; name = MapKit.framework; path = System/Library/Frameworks/MapKit.framework; sourceTree = SDKROOT; };
		476DCFF317A5126B00ADBAA3 /* hangout_button_line.png */ = {isa = PBXFileReference; lastKnownFileType = image.png; path = hangout_button_line.png; sourceTree = "<group>"; };
		476DCFF417A5126B00ADBAA3 /* hangout_button.png */ = {isa = PBXFileReference; lastKnownFileType = image.png; path = hangout_button.png; sourceTree = "<group>"; };
		476DCFF517A5126B00ADBAA3 /* hangout_logo.png */ = {isa = PBXFileReference; lastKnownFileType = image.png; path = hangout_logo.png; sourceTree = "<group>"; };
		476DCFF617A5126B00ADBAA3 /* hangout_text.png */ = {isa = PBXFileReference; lastKnownFileType = image.png; path = hangout_text.png; sourceTree = "<group>"; };
		476DCFF717A5126B00ADBAA3 /* background.png */ = {isa = PBXFileReference; lastKnownFileType = image.png; path = background.png; sourceTree = "<group>"; };
		476DCFF817A5126B00ADBAA3 /* hangout_user_inga.png */ = {isa = PBXFileReference; lastKnownFileType = image.png; path = hangout_user_inga.png; sourceTree = "<group>"; };
		476DCFFF17A5179E00ADBAA3 /* logo.png */ = {isa = PBXFileReference; lastKnownFileType = image.png; path = logo.png; sourceTree = "<group>"; };
/* End PBXFileReference section */

/* Begin PBXFrameworksBuildPhase section */
		476DCE7317A4693C00ADBAA3 /* Frameworks */ = {
			isa = PBXFrameworksBuildPhase;
			buildActionMask = 2147483647;
			files = (
				476DCFF217A4EC3100ADBAA3 /* MapKit.framework in Frameworks */,
				476DCF7117A4A0CA00ADBAA3 /* Security.framework in Frameworks */,
				476DCF6F17A4A0C300ADBAA3 /* CFNetwork.framework in Frameworks */,
				476DCF6D17A4A09800ADBAA3 /* CoreData.framework in Frameworks */,
				476DCE7A17A4693C00ADBAA3 /* UIKit.framework in Frameworks */,
				476DCE7C17A4693C00ADBAA3 /* Foundation.framework in Frameworks */,
				476DCE7E17A4693C00ADBAA3 /* CoreGraphics.framework in Frameworks */,
			);
			runOnlyForDeploymentPostprocessing = 0;
		};
/* End PBXFrameworksBuildPhase section */

/* Begin PBXGroup section */
		476DCE6D17A4693C00ADBAA3 = {
			isa = PBXGroup;
			children = (
				476DCFF117A4EC3100ADBAA3 /* MapKit.framework */,
				476DCFE917A4D54000ADBAA3 /* icon_small.png */,
				476DCFE717A4D4B100ADBAA3 /* icon.png */,
				476DCF5817A499A200ADBAA3 /* Flake.xcdatamodeld */,
				476DCE7F17A4693C00ADBAA3 /* Flake */,
				476DCE7817A4693C00ADBAA3 /* Frameworks */,
				476DCE7717A4693C00ADBAA3 /* Products */,
			);
			sourceTree = "<group>";
		};
		476DCE7717A4693C00ADBAA3 /* Products */ = {
			isa = PBXGroup;
			children = (
				476DCE7617A4693C00ADBAA3 /* Flake.app */,
			);
			name = Products;
			sourceTree = "<group>";
		};
		476DCE7817A4693C00ADBAA3 /* Frameworks */ = {
			isa = PBXGroup;
			children = (
				476DCF7017A4A0CA00ADBAA3 /* Security.framework */,
				476DCF6E17A4A0C300ADBAA3 /* CFNetwork.framework */,
				476DCF6C17A4A09800ADBAA3 /* CoreData.framework */,
				476DCF6617A49FAC00ADBAA3 /* SenTestingKit.framework */,
				476DCE7917A4693C00ADBAA3 /* UIKit.framework */,
				476DCE7B17A4693C00ADBAA3 /* Foundation.framework */,
				476DCE7D17A4693C00ADBAA3 /* CoreGraphics.framework */,
			);
			name = Frameworks;
			sourceTree = "<group>";
		};
		476DCE7F17A4693C00ADBAA3 /* Flake */ = {
			isa = PBXGroup;
			children = (
				476DCE8817A4693C00ADBAA3 /* FLKAppDelegate.h */,
				476DCE8917A4693C00ADBAA3 /* FLKAppDelegate.m */,
				476DCE9117A4693C00ADBAA3 /* FLKViewController.h */,
				476DCE9217A4693C00ADBAA3 /* FLKViewController.m */,
				476DCE9417A4693C00ADBAA3 /* FLKViewController.xib */,
				476DCFEB17A4E9D000ADBAA3 /* Views */,
				476DCEA617A46CE900ADBAA3 /* Controllers */,
				476DCF4B17A485FC00ADBAA3 /* Models */,
				476DCE8017A4693C00ADBAA3 /* Supporting Files */,
			);
			path = Flake;
			sourceTree = "<group>";
		};
		476DCE8017A4693C00ADBAA3 /* Supporting Files */ = {
			isa = PBXGroup;
			children = (
				476DCFE017A4CD6C00ADBAA3 /* Resources */,
				476DCEAC17A4807400ADBAA3 /* AFNetworking-AFNetworking-75bd257 */,
				476DCE8117A4693C00ADBAA3 /* Flake-Info.plist */,
				476DCE8217A4693C00ADBAA3 /* InfoPlist.strings */,
				476DCE8517A4693C00ADBAA3 /* main.m */,
				476DCE8717A4693C00ADBAA3 /* Flake-Prefix.pch */,
				476DCE8B17A4693C00ADBAA3 /* Default.png */,
				476DCE8D17A4693C00ADBAA3 /* Default@2x.png */,
				476DCE8F17A4693C00ADBAA3 /* Default-568h@2x.png */,
			);
			name = "Supporting Files";
			sourceTree = "<group>";
		};
		476DCEA617A46CE900ADBAA3 /* Controllers */ = {
			isa = PBXGroup;
			children = (
				476DCEA717A46CF800ADBAA3 /* FLKLoginViewController.h */,
				476DCEA817A46CF800ADBAA3 /* FLKLoginViewController.m */,
				476DCEA917A46CF800ADBAA3 /* FLKLoginViewController.xib */,
			);
			name = Controllers;
			sourceTree = "<group>";
		};
		476DCEAC17A4807400ADBAA3 /* AFNetworking-AFNetworking-75bd257 */ = {
			isa = PBXGroup;
			children = (
				476DCEAD17A4807400ADBAA3 /* .gitignore */,
				476DCEAE17A4807400ADBAA3 /* .travis.yml */,
				476DCEAF17A4807400ADBAA3 /* AFNetworking */,
				476DCEC317A4807400ADBAA3 /* AFNetworking.podspec */,
				476DCEC517A4807400ADBAA3 /* CHANGES */,
				476DCEEE17A4807400ADBAA3 /* LICENSE */,
				476DCEEF17A4807500ADBAA3 /* Rakefile */,
				476DCEF017A4807500ADBAA3 /* README.md */,
			);
			name = "AFNetworking-AFNetworking-75bd257";
			path = "../AFNetworking-AFNetworking-75bd257";
			sourceTree = "<group>";
		};
		476DCEAF17A4807400ADBAA3 /* AFNetworking */ = {
			isa = PBXGroup;
			children = (
				476DCEB017A4807400ADBAA3 /* AFHTTPClient.h */,
				476DCEB117A4807400ADBAA3 /* AFHTTPClient.m */,
				476DCEB217A4807400ADBAA3 /* AFHTTPRequestOperation.h */,
				476DCEB317A4807400ADBAA3 /* AFHTTPRequestOperation.m */,
				476DCEB417A4807400ADBAA3 /* AFImageRequestOperation.h */,
				476DCEB517A4807400ADBAA3 /* AFImageRequestOperation.m */,
				476DCEB617A4807400ADBAA3 /* AFJSONRequestOperation.h */,
				476DCEB717A4807400ADBAA3 /* AFJSONRequestOperation.m */,
				476DCEB817A4807400ADBAA3 /* AFNetworkActivityIndicatorManager.h */,
				476DCEB917A4807400ADBAA3 /* AFNetworkActivityIndicatorManager.m */,
				476DCEBA17A4807400ADBAA3 /* AFNetworking.h */,
				476DCEBB17A4807400ADBAA3 /* AFPropertyListRequestOperation.h */,
				476DCEBC17A4807400ADBAA3 /* AFPropertyListRequestOperation.m */,
				476DCEBD17A4807400ADBAA3 /* AFURLConnectionOperation.h */,
				476DCEBE17A4807400ADBAA3 /* AFURLConnectionOperation.m */,
				476DCEBF17A4807400ADBAA3 /* AFXMLRequestOperation.h */,
				476DCEC017A4807400ADBAA3 /* AFXMLRequestOperation.m */,
				476DCEC117A4807400ADBAA3 /* UIImageView+AFNetworking.h */,
				476DCEC217A4807400ADBAA3 /* UIImageView+AFNetworking.m */,
			);
			path = AFNetworking;
			sourceTree = "<group>";
		};
		476DCF4B17A485FC00ADBAA3 /* Models */ = {
			isa = PBXGroup;
			children = (
				476DCFDA17A4B27B00ADBAA3 /* FLKManagedObject.h */,
				476DCFDB17A4B27B00ADBAA3 /* FLKManagedObject.m */,
				476DCFDD17A4B4AD00ADBAA3 /* FLKUser.h */,
				476DCFDE17A4B4AD00ADBAA3 /* FLKUser.m */,
			);
			name = Models;
			sourceTree = "<group>";
		};
		476DCFE017A4CD6C00ADBAA3 /* Resources */ = {
			isa = PBXGroup;
			children = (
				476DCFFF17A5179E00ADBAA3 /* logo.png */,
				476DCFF317A5126B00ADBAA3 /* hangout_button_line.png */,
				476DCFF417A5126B00ADBAA3 /* hangout_button.png */,
				476DCFF517A5126B00ADBAA3 /* hangout_logo.png */,
				476DCFF617A5126B00ADBAA3 /* hangout_text.png */,
				476DCFF717A5126B00ADBAA3 /* background.png */,
				476DCFF817A5126B00ADBAA3 /* hangout_user_inga.png */,
				476DCFE517A4D4A900ADBAA3 /* icon.png */,
				476DCFE317A4D0FE00ADBAA3 /* circle.png */,
				476DCFE117A4CD8700ADBAA3 /* splash.png */,
			);
			name = Resources;
			sourceTree = "<group>";
		};
		476DCFEB17A4E9D000ADBAA3 /* Views */ = {
			isa = PBXGroup;
			children = (
			);
			name = Views;
			sourceTree = "<group>";
		};
/* End PBXGroup section */

/* Begin PBXNativeTarget section */
		476DCE7517A4693C00ADBAA3 /* Flake */ = {
			isa = PBXNativeTarget;
			buildConfigurationList = 476DCE9917A4693C00ADBAA3 /* Build configuration list for PBXNativeTarget "Flake" */;
			buildPhases = (
				476DCE7217A4693C00ADBAA3 /* Sources */,
				476DCE7317A4693C00ADBAA3 /* Frameworks */,
				476DCE7417A4693C00ADBAA3 /* Resources */,
			);
			buildRules = (
			);
			dependencies = (
			);
			name = Flake;
			productName = Flake;
			productReference = 476DCE7617A4693C00ADBAA3 /* Flake.app */;
			productType = "com.apple.product-type.application";
		};
/* End PBXNativeTarget section */

/* Begin PBXProject section */
		476DCE6E17A4693C00ADBAA3 /* Project object */ = {
			isa = PBXProject;
			attributes = {
				CLASSPREFIX = FLK;
				LastUpgradeCheck = 0460;
				ORGANIZATIONNAME = "Adrian Swanberg";
			};
			buildConfigurationList = 476DCE7117A4693C00ADBAA3 /* Build configuration list for PBXProject "Flake" */;
			compatibilityVersion = "Xcode 3.2";
			developmentRegion = English;
			hasScannedForEncodings = 0;
			knownRegions = (
				en,
			);
			mainGroup = 476DCE6D17A4693C00ADBAA3;
			productRefGroup = 476DCE7717A4693C00ADBAA3 /* Products */;
			projectDirPath = "";
			projectRoot = "";
			targets = (
				476DCE7517A4693C00ADBAA3 /* Flake */,
			);
		};
/* End PBXProject section */

/* Begin PBXResourcesBuildPhase section */
		476DCE7417A4693C00ADBAA3 /* Resources */ = {
			isa = PBXResourcesBuildPhase;
			buildActionMask = 2147483647;
			files = (
				476DCE8417A4693C00ADBAA3 /* InfoPlist.strings in Resources */,
				476DCE8C17A4693C00ADBAA3 /* Default.png in Resources */,
				476DCE8E17A4693C00ADBAA3 /* Default@2x.png in Resources */,
				476DCE9017A4693C00ADBAA3 /* Default-568h@2x.png in Resources */,
				476DCE9617A4693C00ADBAA3 /* FLKViewController.xib in Resources */,
				476DCEAB17A46CF800ADBAA3 /* FLKLoginViewController.xib in Resources */,
				476DCF0A17A4807500ADBAA3 /* .gitignore in Resources */,
				476DCF0B17A4807500ADBAA3 /* .travis.yml in Resources */,
				476DCF1517A4807500ADBAA3 /* AFNetworking.podspec in Resources */,
				476DCF1717A4807500ADBAA3 /* CHANGES in Resources */,
				476DCF2C17A4807500ADBAA3 /* LICENSE in Resources */,
				476DCF2D17A4807500ADBAA3 /* Rakefile in Resources */,
				476DCF2E17A4807500ADBAA3 /* README.md in Resources */,
				476DCFE217A4CD8700ADBAA3 /* splash.png in Resources */,
				476DCFE417A4D0FE00ADBAA3 /* circle.png in Resources */,
				476DCFE617A4D4A900ADBAA3 /* icon.png in Resources */,
				476DCFE817A4D4B100ADBAA3 /* icon.png in Resources */,
				476DCFEA17A4D54100ADBAA3 /* icon_small.png in Resources */,
				476DCFF917A5126B00ADBAA3 /* hangout_button_line.png in Resources */,
				476DCFFA17A5126B00ADBAA3 /* hangout_button.png in Resources */,
				476DCFFB17A5126B00ADBAA3 /* hangout_logo.png in Resources */,
				476DCFFC17A5126B00ADBAA3 /* hangout_text.png in Resources */,
				476DCFFD17A5126B00ADBAA3 /* background.png in Resources */,
				476DCFFE17A5126B00ADBAA3 /* hangout_user_inga.png in Resources */,
				476DD00017A5179E00ADBAA3 /* logo.png in Resources */,
			);
			runOnlyForDeploymentPostprocessing = 0;
		};
/* End PBXResourcesBuildPhase section */

/* Begin PBXSourcesBuildPhase section */
		476DCE7217A4693C00ADBAA3 /* Sources */ = {
			isa = PBXSourcesBuildPhase;
			buildActionMask = 2147483647;
			files = (
				476DCE8617A4693C00ADBAA3 /* main.m in Sources */,
				476DCE8A17A4693C00ADBAA3 /* FLKAppDelegate.m in Sources */,
				476DCE9317A4693C00ADBAA3 /* FLKViewController.m in Sources */,
				476DCEAA17A46CF800ADBAA3 /* FLKLoginViewController.m in Sources */,
				476DCF0C17A4807500ADBAA3 /* AFHTTPClient.m in Sources */,
				476DCF0D17A4807500ADBAA3 /* AFHTTPRequestOperation.m in Sources */,
				476DCF0E17A4807500ADBAA3 /* AFImageRequestOperation.m in Sources */,
				476DCF0F17A4807500ADBAA3 /* AFJSONRequestOperation.m in Sources */,
				476DCF1017A4807500ADBAA3 /* AFNetworkActivityIndicatorManager.m in Sources */,
				476DCF1117A4807500ADBAA3 /* AFPropertyListRequestOperation.m in Sources */,
				476DCF1217A4807500ADBAA3 /* AFURLConnectionOperation.m in Sources */,
				476DCF1317A4807500ADBAA3 /* AFXMLRequestOperation.m in Sources */,
				476DCF1417A4807500ADBAA3 /* UIImageView+AFNetworking.m in Sources */,
				476DCF5A17A499A200ADBAA3 /* Flake.xcdatamodeld in Sources */,
				476DCFDC17A4B27B00ADBAA3 /* FLKManagedObject.m in Sources */,
				476DCFDF17A4B4AD00ADBAA3 /* FLKUser.m in Sources */,
			);
			runOnlyForDeploymentPostprocessing = 0;
		};
/* End PBXSourcesBuildPhase section */

/* Begin PBXVariantGroup section */
		476DCE8217A4693C00ADBAA3 /* InfoPlist.strings */ = {
			isa = PBXVariantGroup;
			children = (
				476DCE8317A4693C00ADBAA3 /* en */,
			);
			name = InfoPlist.strings;
			sourceTree = "<group>";
		};
		476DCE9417A4693C00ADBAA3 /* FLKViewController.xib */ = {
			isa = PBXVariantGroup;
			children = (
				476DCE9517A4693C00ADBAA3 /* en */,
			);
			name = FLKViewController.xib;
			sourceTree = "<group>";
		};
/* End PBXVariantGroup section */

/* Begin XCBuildConfiguration section */
		476DCE9717A4693C00ADBAA3 /* Debug */ = {
			isa = XCBuildConfiguration;
			buildSettings = {
				ALWAYS_SEARCH_USER_PATHS = NO;
				CLANG_CXX_LANGUAGE_STANDARD = "gnu++0x";
				CLANG_CXX_LIBRARY = "libc++";
				CLANG_ENABLE_OBJC_ARC = YES;
				CLANG_WARN_CONSTANT_CONVERSION = YES;
				CLANG_WARN_EMPTY_BODY = YES;
				CLANG_WARN_ENUM_CONVERSION = YES;
				CLANG_WARN_INT_CONVERSION = YES;
				CLANG_WARN__DUPLICATE_METHOD_MATCH = YES;
				"CODE_SIGN_IDENTITY[sdk=iphoneos*]" = "iPhone Developer";
				COPY_PHASE_STRIP = NO;
				GCC_C_LANGUAGE_STANDARD = gnu99;
				GCC_DYNAMIC_NO_PIC = NO;
				GCC_OPTIMIZATION_LEVEL = 0;
				GCC_PREPROCESSOR_DEFINITIONS = (
					"DEBUG=1",
					"$(inherited)",
				);
				GCC_SYMBOLS_PRIVATE_EXTERN = NO;
				GCC_WARN_ABOUT_RETURN_TYPE = YES;
				GCC_WARN_UNINITIALIZED_AUTOS = YES;
				GCC_WARN_UNUSED_VARIABLE = YES;
				IPHONEOS_DEPLOYMENT_TARGET = 6.1;
				ONLY_ACTIVE_ARCH = YES;
				SDKROOT = iphoneos;
			};
			name = Debug;
		};
		476DCE9817A4693C00ADBAA3 /* Release */ = {
			isa = XCBuildConfiguration;
			buildSettings = {
				ALWAYS_SEARCH_USER_PATHS = NO;
				CLANG_CXX_LANGUAGE_STANDARD = "gnu++0x";
				CLANG_CXX_LIBRARY = "libc++";
				CLANG_ENABLE_OBJC_ARC = YES;
				CLANG_WARN_CONSTANT_CONVERSION = YES;
				CLANG_WARN_EMPTY_BODY = YES;
				CLANG_WARN_ENUM_CONVERSION = YES;
				CLANG_WARN_INT_CONVERSION = YES;
				CLANG_WARN__DUPLICATE_METHOD_MATCH = YES;
				"CODE_SIGN_IDENTITY[sdk=iphoneos*]" = "iPhone Developer";
				COPY_PHASE_STRIP = YES;
				GCC_C_LANGUAGE_STANDARD = gnu99;
				GCC_WARN_ABOUT_RETURN_TYPE = YES;
				GCC_WARN_UNINITIALIZED_AUTOS = YES;
				GCC_WARN_UNUSED_VARIABLE = YES;
				IPHONEOS_DEPLOYMENT_TARGET = 6.1;
				OTHER_CFLAGS = "-DNS_BLOCK_ASSERTIONS=1";
				SDKROOT = iphoneos;
				VALIDATE_PRODUCT = YES;
			};
			name = Release;
		};
		476DCE9A17A4693C00ADBAA3 /* Debug */ = {
			isa = XCBuildConfiguration;
			buildSettings = {
				FRAMEWORK_SEARCH_PATHS = (
					"$(inherited)",
					"\"$(SYSTEM_APPS_DIR)/Xcode.app/Contents/Developer/Library/Frameworks\"",
				);
				GCC_PRECOMPILE_PREFIX_HEADER = YES;
				GCC_PREFIX_HEADER = "Flake/Flake-Prefix.pch";
				INFOPLIST_FILE = "Flake/Flake-Info.plist";
				PRODUCT_NAME = "$(TARGET_NAME)";
				WRAPPER_EXTENSION = app;
			};
			name = Debug;
		};
		476DCE9B17A4693C00ADBAA3 /* Release */ = {
			isa = XCBuildConfiguration;
			buildSettings = {
				FRAMEWORK_SEARCH_PATHS = (
					"$(inherited)",
					"\"$(SYSTEM_APPS_DIR)/Xcode.app/Contents/Developer/Library/Frameworks\"",
				);
				GCC_PRECOMPILE_PREFIX_HEADER = YES;
				GCC_PREFIX_HEADER = "Flake/Flake-Prefix.pch";
				INFOPLIST_FILE = "Flake/Flake-Info.plist";
				PRODUCT_NAME = "$(TARGET_NAME)";
				WRAPPER_EXTENSION = app;
			};
			name = Release;
		};
/* End XCBuildConfiguration section */

/* Begin XCConfigurationList section */
		476DCE7117A4693C00ADBAA3 /* Build configuration list for PBXProject "Flake" */ = {
			isa = XCConfigurationList;
			buildConfigurations = (
				476DCE9717A4693C00ADBAA3 /* Debug */,
				476DCE9817A4693C00ADBAA3 /* Release */,
			);
			defaultConfigurationIsVisible = 0;
			defaultConfigurationName = Release;
		};
		476DCE9917A4693C00ADBAA3 /* Build configuration list for PBXNativeTarget "Flake" */ = {
			isa = XCConfigurationList;
			buildConfigurations = (
				476DCE9A17A4693C00ADBAA3 /* Debug */,
				476DCE9B17A4693C00ADBAA3 /* Release */,
			);
			defaultConfigurationIsVisible = 0;
			defaultConfigurationName = Release;
		};
/* End XCConfigurationList section */

/* Begin XCVersionGroup section */
		476DCF5817A499A200ADBAA3 /* Flake.xcdatamodeld */ = {
			isa = XCVersionGroup;
			children = (
				476DCF5917A499A200ADBAA3 /* Flake.xcdatamodel */,
			);
			currentVersion = 476DCF5917A499A200ADBAA3 /* Flake.xcdatamodel */;
			name = Flake.xcdatamodeld;
			path = Flake/Flake.xcdatamodeld;
			sourceTree = "<group>";
			versionGroupType = wrapper.xcdatamodel;
		};
/* End XCVersionGroup section */
	};
	rootObject = 476DCE6E17A4693C00ADBAA3 /* Project object */;
}
